
Microsoft Visual Studio Solution File, Format Version 11.00
# Visual Studio 2010
Project("{FAE04EC0-301F-11D3-BF4B-00C04F79EFBC}") = "Ichimoku analysis", "Ichimoku analysis\Ichimoku analysis.csproj", "{A09F40A5-14FD-4364-8C66-06FE4BDD4E8A}"
EndProject
Global
	GlobalSection(SolutionConfigurationPlatforms) = preSolution
		Debug|Any CPU = Debug|Any CPU
		Release|Any CPU = Release|Any CPU
	EndGlobalSection
	GlobalSection(ProjectConfigurationPlatforms) = postSolution
		{A09F40A5-14FD-4364-8C66-06FE4BDD4E8A}.Debug|Any CPU.ActiveCfg = Debug|Any CPU
		{A09F40A5-14FD-4364-8C66-06FE4BDD4E8A}.Debug|Any CPU.Build.0 = Debug|Any CPU
		{A09F40A5-14FD-4364-8C66-06FE4BDD4E8A}.Release|Any CPU.ActiveCfg = Release|Any CPU
		{A09F40A5-14FD-4364-8C66-06FE4BDD4E8A}.Release|Any CPU.Build.0 = Release|Any CPU
	EndGlobalSection
	GlobalSection(SolutionProperties) = preSolution
		HideSolutionNode = FALSE
	EndGlobalSection
EndGlobal
