
Microsoft Visual Studio Solution File, Format Version 11.00
# Visual Studio 2010
Project("{FAE04EC0-301F-11D3-BF4B-00C04F79EFBC}") = "Martingale Robot", "Martingale Robot\Martingale Robot.csproj", "{A64DF9A2-64D0-41CD-A959-A33AC491A7CF}"
EndProject
Global
	GlobalSection(SolutionConfigurationPlatforms) = preSolution
		Debug|Any CPU = Debug|Any CPU
		Release|Any CPU = Release|Any CPU
	EndGlobalSection
	GlobalSection(ProjectConfigurationPlatforms) = postSolution
		{A64DF9A2-64D0-41CD-A959-A33AC491A7CF}.Debug|Any CPU.ActiveCfg = Debug|Any CPU
		{A64DF9A2-64D0-41CD-A959-A33AC491A7CF}.Debug|Any CPU.Build.0 = Debug|Any CPU
		{A64DF9A2-64D0-41CD-A959-A33AC491A7CF}.Release|Any CPU.ActiveCfg = Release|Any CPU
		{A64DF9A2-64D0-41CD-A959-A33AC491A7CF}.Release|Any CPU.Build.0 = Release|Any CPU
	EndGlobalSection
	GlobalSection(SolutionProperties) = preSolution
		HideSolutionNode = FALSE
	EndGlobalSection
EndGlobal
