
Microsoft Visual Studio Solution File, Format Version 11.00
# Visual Studio 2010
Project("{FAE04EC0-301F-11D3-BF4B-00C04F79EFBC}") = "Telegram", "Telegram\Telegram.csproj", "{380491E2-587E-4880-B850-3951349AF512}"
EndProject
Global
	GlobalSection(SolutionConfigurationPlatforms) = preSolution
		Debug|Any CPU = Debug|Any CPU
		Release|Any CPU = Release|Any CPU
	EndGlobalSection
	GlobalSection(ProjectConfigurationPlatforms) = postSolution
		{380491E2-587E-4880-B850-3951349AF512}.Debug|Any CPU.ActiveCfg = Debug|Any CPU
		{380491E2-587E-4880-B850-3951349AF512}.Debug|Any CPU.Build.0 = Debug|Any CPU
		{380491E2-587E-4880-B850-3951349AF512}.Release|Any CPU.ActiveCfg = Release|Any CPU
		{380491E2-587E-4880-B850-3951349AF512}.Release|Any CPU.Build.0 = Release|Any CPU
	EndGlobalSection
	GlobalSection(SolutionProperties) = preSolution
		HideSolutionNode = FALSE
	EndGlobalSection
EndGlobal
