
Microsoft Visual Studio Solution File, Format Version 11.00
# Visual Studio 2010
Project("{FAE04EC0-301F-11D3-BF4B-00C04F79EFBC}") = "Pending lines", "Pending lines\Pending lines.csproj", "{3E437550-A892-4042-9062-C6E3E8AD4A89}"
EndProject
Global
	GlobalSection(SolutionConfigurationPlatforms) = preSolution
		Debug|Any CPU = Debug|Any CPU
		Release|Any CPU = Release|Any CPU
	EndGlobalSection
	GlobalSection(ProjectConfigurationPlatforms) = postSolution
		{3E437550-A892-4042-9062-C6E3E8AD4A89}.Debug|Any CPU.ActiveCfg = Debug|Any CPU
		{3E437550-A892-4042-9062-C6E3E8AD4A89}.Debug|Any CPU.Build.0 = Debug|Any CPU
		{3E437550-A892-4042-9062-C6E3E8AD4A89}.Release|Any CPU.ActiveCfg = Release|Any CPU
		{3E437550-A892-4042-9062-C6E3E8AD4A89}.Release|Any CPU.Build.0 = Release|Any CPU
	EndGlobalSection
	GlobalSection(SolutionProperties) = preSolution
		HideSolutionNode = FALSE
	EndGlobalSection
EndGlobal
