
Microsoft Visual Studio Solution File, Format Version 11.00
# Visual Studio 2010
Project("{FAE04EC0-301F-11D3-BF4B-00C04F79EFBC}") = "Daily candle v5", "Daily candle v5\Daily candle v5.csproj", "{9790DB68-A2F9-4B73-8450-880B940708FD}"
EndProject
Global
	GlobalSection(SolutionConfigurationPlatforms) = preSolution
		Debug|Any CPU = Debug|Any CPU
		Release|Any CPU = Release|Any CPU
	EndGlobalSection
	GlobalSection(ProjectConfigurationPlatforms) = postSolution
		{9790DB68-A2F9-4B73-8450-880B940708FD}.Debug|Any CPU.ActiveCfg = Debug|Any CPU
		{9790DB68-A2F9-4B73-8450-880B940708FD}.Debug|Any CPU.Build.0 = Debug|Any CPU
		{9790DB68-A2F9-4B73-8450-880B940708FD}.Release|Any CPU.ActiveCfg = Release|Any CPU
		{9790DB68-A2F9-4B73-8450-880B940708FD}.Release|Any CPU.Build.0 = Release|Any CPU
	EndGlobalSection
	GlobalSection(SolutionProperties) = preSolution
		HideSolutionNode = FALSE
	EndGlobalSection
EndGlobal
