
Microsoft Visual Studio Solution File, Format Version 11.00
# Visual Studio 2010
Project("{FAE04EC0-301F-11D3-BF4B-00C04F79EFBC}") = "LiPiBot", "LiPiBot\LiPiBot.csproj", "{F5CFB92E-7413-4268-AFFD-2AFDB8959265}"
EndProject
Global
	GlobalSection(SolutionConfigurationPlatforms) = preSolution
		Debug|Any CPU = Debug|Any CPU
		Release|Any CPU = Release|Any CPU
	EndGlobalSection
	GlobalSection(ProjectConfigurationPlatforms) = postSolution
		{F5CFB92E-7413-4268-AFFD-2AFDB8959265}.Debug|Any CPU.ActiveCfg = Debug|Any CPU
		{F5CFB92E-7413-4268-AFFD-2AFDB8959265}.Debug|Any CPU.Build.0 = Debug|Any CPU
		{F5CFB92E-7413-4268-AFFD-2AFDB8959265}.Release|Any CPU.ActiveCfg = Release|Any CPU
		{F5CFB92E-7413-4268-AFFD-2AFDB8959265}.Release|Any CPU.Build.0 = Release|Any CPU
	EndGlobalSection
	GlobalSection(SolutionProperties) = preSolution
		HideSolutionNode = FALSE
	EndGlobalSection
EndGlobal
