
Microsoft Visual Studio Solution File, Format Version 11.00
# Visual Studio 2010
Project("{FAE04EC0-301F-11D3-BF4B-00C04F79EFBC}") = "Ichitester", "Ichitester\Ichitester.csproj", "{032CFE24-771E-43A1-BE80-3BDBD5358749}"
EndProject
Global
	GlobalSection(SolutionConfigurationPlatforms) = preSolution
		Debug|Any CPU = Debug|Any CPU
		Release|Any CPU = Release|Any CPU
	EndGlobalSection
	GlobalSection(ProjectConfigurationPlatforms) = postSolution
		{032CFE24-771E-43A1-BE80-3BDBD5358749}.Debug|Any CPU.ActiveCfg = Debug|Any CPU
		{032CFE24-771E-43A1-BE80-3BDBD5358749}.Debug|Any CPU.Build.0 = Debug|Any CPU
		{032CFE24-771E-43A1-BE80-3BDBD5358749}.Release|Any CPU.ActiveCfg = Release|Any CPU
		{032CFE24-771E-43A1-BE80-3BDBD5358749}.Release|Any CPU.Build.0 = Release|Any CPU
	EndGlobalSection
	GlobalSection(SolutionProperties) = preSolution
		HideSolutionNode = FALSE
	EndGlobalSection
EndGlobal
