
Microsoft Visual Studio Solution File, Format Version 11.00
# Visual Studio 2010
Project("{FAE04EC0-301F-11D3-BF4B-00C04F79EFBC}") = "RSI Monaco", "RSI Monaco\RSI Monaco.csproj", "{01A48DD5-8AF2-4D75-9212-2779538D589D}"
EndProject
Global
	GlobalSection(SolutionConfigurationPlatforms) = preSolution
		Debug|Any CPU = Debug|Any CPU
		Release|Any CPU = Release|Any CPU
	EndGlobalSection
	GlobalSection(ProjectConfigurationPlatforms) = postSolution
		{01A48DD5-8AF2-4D75-9212-2779538D589D}.Debug|Any CPU.ActiveCfg = Debug|Any CPU
		{01A48DD5-8AF2-4D75-9212-2779538D589D}.Debug|Any CPU.Build.0 = Debug|Any CPU
		{01A48DD5-8AF2-4D75-9212-2779538D589D}.Release|Any CPU.ActiveCfg = Release|Any CPU
		{01A48DD5-8AF2-4D75-9212-2779538D589D}.Release|Any CPU.Build.0 = Release|Any CPU
	EndGlobalSection
	GlobalSection(SolutionProperties) = preSolution
		HideSolutionNode = FALSE
	EndGlobalSection
EndGlobal
