
Microsoft Visual Studio Solution File, Format Version 11.00
# Visual Studio 2010
Project("{FAE04EC0-301F-11D3-BF4B-00C04F79EFBC}") = "Pending Order on ADX and MACD", "Pending Order on ADX and MACD\Pending Order on ADX and MACD.csproj", "{0A669BD4-AFD5-43D9-BD25-DC09AC2926E8}"
EndProject
Global
	GlobalSection(SolutionConfigurationPlatforms) = preSolution
		Debug|Any CPU = Debug|Any CPU
		Release|Any CPU = Release|Any CPU
	EndGlobalSection
	GlobalSection(ProjectConfigurationPlatforms) = postSolution
		{0A669BD4-AFD5-43D9-BD25-DC09AC2926E8}.Debug|Any CPU.ActiveCfg = Debug|Any CPU
		{0A669BD4-AFD5-43D9-BD25-DC09AC2926E8}.Debug|Any CPU.Build.0 = Debug|Any CPU
		{0A669BD4-AFD5-43D9-BD25-DC09AC2926E8}.Release|Any CPU.ActiveCfg = Release|Any CPU
		{0A669BD4-AFD5-43D9-BD25-DC09AC2926E8}.Release|Any CPU.Build.0 = Release|Any CPU
	EndGlobalSection
	GlobalSection(SolutionProperties) = preSolution
		HideSolutionNode = FALSE
	EndGlobalSection
EndGlobal
