
Microsoft Visual Studio Solution File, Format Version 11.00
# Visual Studio 2010
Project("{FAE04EC0-301F-11D3-BF4B-00C04F79EFBC}") = "RSI MA Seq", "RSI MA Seq\RSI MA Seq.csproj", "{824E3915-6ED5-4BC7-B90D-33E7C3D48B0E}"
EndProject
Global
	GlobalSection(SolutionConfigurationPlatforms) = preSolution
		Debug|Any CPU = Debug|Any CPU
		Release|Any CPU = Release|Any CPU
	EndGlobalSection
	GlobalSection(ProjectConfigurationPlatforms) = postSolution
		{824E3915-6ED5-4BC7-B90D-33E7C3D48B0E}.Debug|Any CPU.ActiveCfg = Debug|Any CPU
		{824E3915-6ED5-4BC7-B90D-33E7C3D48B0E}.Debug|Any CPU.Build.0 = Debug|Any CPU
		{824E3915-6ED5-4BC7-B90D-33E7C3D48B0E}.Release|Any CPU.ActiveCfg = Release|Any CPU
		{824E3915-6ED5-4BC7-B90D-33E7C3D48B0E}.Release|Any CPU.Build.0 = Release|Any CPU
	EndGlobalSection
	GlobalSection(SolutionProperties) = preSolution
		HideSolutionNode = FALSE
	EndGlobalSection
EndGlobal
