
Microsoft Visual Studio Solution File, Format Version 11.00
# Visual Studio 2010
Project("{FAE04EC0-301F-11D3-BF4B-00C04F79EFBC}") = "glibertig pending orders (2)", "glibertig pending orders (2)\glibertig pending orders (2).csproj", "{9C02D5AD-7D90-4A71-BC6A-E13F381120AA}"
EndProject
Global
	GlobalSection(SolutionConfigurationPlatforms) = preSolution
		Debug|Any CPU = Debug|Any CPU
		Release|Any CPU = Release|Any CPU
	EndGlobalSection
	GlobalSection(ProjectConfigurationPlatforms) = postSolution
		{9C02D5AD-7D90-4A71-BC6A-E13F381120AA}.Debug|Any CPU.ActiveCfg = Debug|Any CPU
		{9C02D5AD-7D90-4A71-BC6A-E13F381120AA}.Debug|Any CPU.Build.0 = Debug|Any CPU
		{9C02D5AD-7D90-4A71-BC6A-E13F381120AA}.Release|Any CPU.ActiveCfg = Release|Any CPU
		{9C02D5AD-7D90-4A71-BC6A-E13F381120AA}.Release|Any CPU.Build.0 = Release|Any CPU
	EndGlobalSection
	GlobalSection(SolutionProperties) = preSolution
		HideSolutionNode = FALSE
	EndGlobalSection
EndGlobal
