
Microsoft Visual Studio Solution File, Format Version 11.00
# Visual Studio 2010
Project("{FAE04EC0-301F-11D3-BF4B-00C04F79EFBC}") = "trail", "trail\trail.csproj", "{6FA96C24-30A5-4E3D-848C-FEABF732D1CA}"
EndProject
Global
	GlobalSection(SolutionConfigurationPlatforms) = preSolution
		Debug|Any CPU = Debug|Any CPU
		Release|Any CPU = Release|Any CPU
	EndGlobalSection
	GlobalSection(ProjectConfigurationPlatforms) = postSolution
		{6FA96C24-30A5-4E3D-848C-FEABF732D1CA}.Debug|Any CPU.ActiveCfg = Debug|Any CPU
		{6FA96C24-30A5-4E3D-848C-FEABF732D1CA}.Debug|Any CPU.Build.0 = Debug|Any CPU
		{6FA96C24-30A5-4E3D-848C-FEABF732D1CA}.Release|Any CPU.ActiveCfg = Release|Any CPU
		{6FA96C24-30A5-4E3D-848C-FEABF732D1CA}.Release|Any CPU.Build.0 = Release|Any CPU
	EndGlobalSection
	GlobalSection(SolutionProperties) = preSolution
		HideSolutionNode = FALSE
	EndGlobalSection
EndGlobal
