
Microsoft Visual Studio Solution File, Format Version 11.00
# Visual Studio 2010
Project("{FAE04EC0-301F-11D3-BF4B-00C04F79EFBC}") = "1min play", "1min play\1min play.csproj", "{EFF9DC02-B87A-4D07-B471-05C2F86D7EF1}"
EndProject
Global
	GlobalSection(SolutionConfigurationPlatforms) = preSolution
		Debug|Any CPU = Debug|Any CPU
		Release|Any CPU = Release|Any CPU
	EndGlobalSection
	GlobalSection(ProjectConfigurationPlatforms) = postSolution
		{EFF9DC02-B87A-4D07-B471-05C2F86D7EF1}.Debug|Any CPU.ActiveCfg = Debug|Any CPU
		{EFF9DC02-B87A-4D07-B471-05C2F86D7EF1}.Debug|Any CPU.Build.0 = Debug|Any CPU
		{EFF9DC02-B87A-4D07-B471-05C2F86D7EF1}.Release|Any CPU.ActiveCfg = Release|Any CPU
		{EFF9DC02-B87A-4D07-B471-05C2F86D7EF1}.Release|Any CPU.Build.0 = Release|Any CPU
	EndGlobalSection
	GlobalSection(SolutionProperties) = preSolution
		HideSolutionNode = FALSE
	EndGlobalSection
EndGlobal
