
Microsoft Visual Studio Solution File, Format Version 11.00
# Visual Studio 2010
Project("{FAE04EC0-301F-11D3-BF4B-00C04F79EFBC}") = "Renko bars trader", "Renko bars trader\Renko bars trader.csproj", "{3BEDCCE9-9EE8-4152-A26D-E3AA459C6703}"
EndProject
Global
	GlobalSection(SolutionConfigurationPlatforms) = preSolution
		Debug|Any CPU = Debug|Any CPU
		Release|Any CPU = Release|Any CPU
	EndGlobalSection
	GlobalSection(ProjectConfigurationPlatforms) = postSolution
		{3BEDCCE9-9EE8-4152-A26D-E3AA459C6703}.Debug|Any CPU.ActiveCfg = Debug|Any CPU
		{3BEDCCE9-9EE8-4152-A26D-E3AA459C6703}.Debug|Any CPU.Build.0 = Debug|Any CPU
		{3BEDCCE9-9EE8-4152-A26D-E3AA459C6703}.Release|Any CPU.ActiveCfg = Release|Any CPU
		{3BEDCCE9-9EE8-4152-A26D-E3AA459C6703}.Release|Any CPU.Build.0 = Release|Any CPU
	EndGlobalSection
	GlobalSection(SolutionProperties) = preSolution
		HideSolutionNode = FALSE
	EndGlobalSection
EndGlobal
