
Microsoft Visual Studio Solution File, Format Version 11.00
# Visual Studio 2010
Project("{FAE04EC0-301F-11D3-BF4B-00C04F79EFBC}") = "ADX Fractals", "ADX Fractals\ADX Fractals.csproj", "{E9A5089D-1031-4A79-B695-DE89E6063889}"
EndProject
Global
	GlobalSection(SolutionConfigurationPlatforms) = preSolution
		Debug|Any CPU = Debug|Any CPU
		Release|Any CPU = Release|Any CPU
	EndGlobalSection
	GlobalSection(ProjectConfigurationPlatforms) = postSolution
		{E9A5089D-1031-4A79-B695-DE89E6063889}.Debug|Any CPU.ActiveCfg = Debug|Any CPU
		{E9A5089D-1031-4A79-B695-DE89E6063889}.Debug|Any CPU.Build.0 = Debug|Any CPU
		{E9A5089D-1031-4A79-B695-DE89E6063889}.Release|Any CPU.ActiveCfg = Release|Any CPU
		{E9A5089D-1031-4A79-B695-DE89E6063889}.Release|Any CPU.Build.0 = Release|Any CPU
	EndGlobalSection
	GlobalSection(SolutionProperties) = preSolution
		HideSolutionNode = FALSE
	EndGlobalSection
EndGlobal

Project("{FAE04EC0-301F-11D3-BF4B-00C04F79EFBC}") = "Fractals", "..\..\Indicators\Fractals\Fractals\Fractals.csproj", "{BA860617-B3F0-4FC8-9236-7F6B1020EFB2}"
EndProject