
Microsoft Visual Studio Solution File, Format Version 12.00
# Visual Studio Version 16
VisualStudioVersion = 16.0.30011.22
MinimumVisualStudioVersion = 10.0.40219.1
Project("{FAE04EC0-301F-11D3-BF4B-00C04F79EFBC}") = "Dejan old", "Dejan old\Dejan old.csproj", "{0e7506e2-6828-4215-8139-78814735f36a}"
EndProject
Global
	GlobalSection(SolutionConfigurationPlatforms) = preSolution
		Debug|Any CPU = Debug|Any CPU
		Release|Any CPU = Release|Any CPU
	EndGlobalSection
	GlobalSection(ProjectConfigurationPlatforms) = postSolution
		{0e7506e2-6828-4215-8139-78814735f36a}.Debug|Any CPU.ActiveCfg = Debug|Any CPU
		{0e7506e2-6828-4215-8139-78814735f36a}.Debug|Any CPU.Build.0 = Debug|Any CPU
		{0e7506e2-6828-4215-8139-78814735f36a}.Release|Any CPU.ActiveCfg = Release|Any CPU
		{0e7506e2-6828-4215-8139-78814735f36a}.Release|Any CPU.Build.0 = Release|Any CPU
	EndGlobalSection
	GlobalSection(SolutionProperties) = preSolution
		HideSolutionNode = FALSE
	EndGlobalSection
EndGlobal
